PODS:
  - React (0.11.0):
    - React/Core (= 0.11.0)
  - React/Core (0.11.0)
  - ReactNativeJuseRTC (0.1.0):
    - React

DEPENDENCIES:
  - ReactNativeJuseRTC (from `../`)

SPEC REPOS:
  trunk:
    - React

EXTERNAL SOURCES:
  ReactNativeJuseRTC:
    :path: "../"

SPEC CHECKSUMS:
  React: ab1a2e21deb34965c38328d5ec40cc7d12c6050a
  ReactNativeJuseRTC: fc42e5e6eb9312221ee072390fee0b638262c530

PODFILE CHECKSUM: b8846366eff6294262edd8b8ae312a87a26e4eab

COCOAPODS: 1.10.1
