PODS:
  - NERtcSDK (3.9.0)
  - ReactNativeJuseRTC (0.2.0):
    - NERtcSDK (= 3.9.0)

DEPENDENCIES:
  - ReactNativeJuseRTC (from `../`)

SPEC REPOS:
  trunk:
    - NERtcSDK

EXTERNAL SOURCES:
  ReactNativeJuseRTC:
    :path: "../"

SPEC CHECKSUMS:
  NERtcSDK: 7c417ed429cdac3020fc5cd47461f8a478012236
  ReactNativeJuseRTC: 2d9cbbb4952d5d211dcdc0c9a2a65b74a4f54d5f

PODFILE CHECKSUM: b8846366eff6294262edd8b8ae312a87a26e4eab

COCOAPODS: 1.10.1
